// !$*UTF8*$!
{
	archiveVersion = 1;
	classes = {
	};
	objectVersion = 48;
	objects = {

/* Begin PBXBuildFile section */
		7D7B3AA220356B3B00DD2D35 /* AppDelegate.swift in Sources */ = {isa = PBXBuildFile; fileRef = 7D7B3AA120356B3B00DD2D35 /* AppDelegate.swift */; };
		7D7B3AA420356B3B00DD2D35 /* art.scnassets in Resources */ = {isa = PBXBuildFile; fileRef = 7D7B3AA320356B3B00DD2D35 /* art.scnassets */; };
		7D7B3AA620356B3B00DD2D35 /* RampPlacerVC.swift in Sources */ = {isa = PBXBuildFile; fileRef = 7D7B3AA520356B3B00DD2D35 /* RampPlacerVC.swift */; };
		7D7B3AA920356B3B00DD2D35 /* Main.storyboard in Resources */ = {isa = PBXBuildFile; fileRef = 7D7B3AA720356B3B00DD2D35 /* Main.storyboard */; };
		7D7B3AAB20356B3B00DD2D35 /* Assets.xcassets in Resources */ = {isa = PBXBuildFile; fileRef = 7D7B3AAA20356B3B00DD2D35 /* Assets.xcassets */; };
		7D7B3AAE20356B3B00DD2D35 /* LaunchScreen.storyboard in Resources */ = {isa = PBXBuildFile; fileRef = 7D7B3AAC20356B3B00DD2D35 /* LaunchScreen.storyboard */; };
		7D7B3AB7203593FF00DD2D35 /* RampPickerVC.swift in Sources */ = {isa = PBXBuildFile; fileRef = 7D7B3AB6203593FF00DD2D35 /* RampPickerVC.swift */; };
		7D895982207CB33700027B0F /* Ramp.swift in Sources */ = {isa = PBXBuildFile; fileRef = 7D895981207CB33700027B0F /* Ramp.swift */; };
/* End PBXBuildFile section */

/* Begin PBXFileReference section */
		7D7B3A9E20356B3B00DD2D35 /* ARKit_iOS.app */ = {isa = PBXFileReference; explicitFileType = wrapper.application; includeInIndex = 0; path = ARKit_iOS.app; sourceTree = BUILT_PRODUCTS_DIR; };
		7D7B3AA120356B3B00DD2D35 /* AppDelegate.swift */ = {isa = PBXFileReference; lastKnownFileType = sourcecode.swift; path = AppDelegate.swift; sourceTree = "<group>"; };
		7D7B3AA320356B3B00DD2D35 /* art.scnassets */ = {isa = PBXFileReference; lastKnownFileType = wrapper.scnassets; path = art.scnassets; sourceTree = "<group>"; };
		7D7B3AA520356B3B00DD2D35 /* RampPlacerVC.swift */ = {isa = PBXFileReference; lastKnownFileType = sourcecode.swift; path = RampPlacerVC.swift; sourceTree = "<group>"; };
		7D7B3AA820356B3B00DD2D35 /* Base */ = {isa = PBXFileReference; lastKnownFileType = file.storyboard; name = Base; path = Base.lproj/Main.storyboard; sourceTree = "<group>"; };
		7D7B3AAA20356B3B00DD2D35 /* Assets.xcassets */ = {isa = PBXFileReference; lastKnownFileType = folder.assetcatalog; path = Assets.xcassets; sourceTree = "<group>"; };
		7D7B3AAD20356B3B00DD2D35 /* Base */ = {isa = PBXFileReference; lastKnownFileType = file.storyboard; name = Base; path = Base.lproj/LaunchScreen.storyboard; sourceTree = "<group>"; };
		7D7B3AAF20356B3B00DD2D35 /* Info.plist */ = {isa = PBXFileReference; lastKnownFileType = text.plist.xml; path = Info.plist; sourceTree = "<group>"; };
		7D7B3AB6203593FF00DD2D35 /* RampPickerVC.swift */ = {isa = PBXFileReference; lastKnownFileType = sourcecode.swift; path = RampPickerVC.swift; sourceTree = "<group>"; };
		7D895981207CB33700027B0F /* Ramp.swift */ = {isa = PBXFileReference; lastKnownFileType = sourcecode.swift; path = Ramp.swift; sourceTree = "<group>"; };
/* End PBXFileReference section */

/* Begin PBXFrameworksBuildPhase section */
		7D7B3A9B20356B3B00DD2D35 /* Frameworks */ = {
			isa = PBXFrameworksBuildPhase;
			buildActionMask = 2147483647;
			files = (
			);
			runOnlyForDeploymentPostprocessing = 0;
		};
/* End PBXFrameworksBuildPhase section */

/* Begin PBXGroup section */
		7D7B3A9520356B3B00DD2D35 = {
			isa = PBXGroup;
			children = (
				7D7B3AA020356B3B00DD2D35 /* ARKit_iOS */,
				7D7B3A9F20356B3B00DD2D35 /* Products */,
			);
			sourceTree = "<group>";
		};
		7D7B3A9F20356B3B00DD2D35 /* Products */ = {
			isa = PBXGroup;
			children = (
				7D7B3A9E20356B3B00DD2D35 /* ARKit_iOS.app */,
			);
			name = Products;
			sourceTree = "<group>";
		};
		7D7B3AA020356B3B00DD2D35 /* ARKit_iOS */ = {
			isa = PBXGroup;
			children = (
				7D895983207CBD7700027B0F /* Model */,
				7D7B3AB520358BEF00DD2D35 /* Controller */,
				7D7B3AA120356B3B00DD2D35 /* AppDelegate.swift */,
				7D7B3AA320356B3B00DD2D35 /* art.scnassets */,
				7D7B3AA720356B3B00DD2D35 /* Main.storyboard */,
				7D7B3AAA20356B3B00DD2D35 /* Assets.xcassets */,
				7D7B3AAC20356B3B00DD2D35 /* LaunchScreen.storyboard */,
				7D7B3AAF20356B3B00DD2D35 /* Info.plist */,
			);
			path = ARKit_iOS;
			sourceTree = "<group>";
		};
		7D7B3AB520358BEF00DD2D35 /* Controller */ = {
			isa = PBXGroup;
			children = (
				7D7B3AA520356B3B00DD2D35 /* RampPlacerVC.swift */,
				7D7B3AB6203593FF00DD2D35 /* RampPickerVC.swift */,
			);
			path = Controller;
			sourceTree = "<group>";
		};
		7D895983207CBD7700027B0F /* Model */ = {
			isa = PBXGroup;
			children = (
				7D895981207CB33700027B0F /* Ramp.swift */,
			);
			path = Model;
			sourceTree = "<group>";
		};
/* End PBXGroup section */

/* Begin PBXNativeTarget section */
		7D7B3A9D20356B3B00DD2D35 /* ARKit_iOS */ = {
			isa = PBXNativeTarget;
			buildConfigurationList = 7D7B3AB220356B3B00DD2D35 /* Build configuration list for PBXNativeTarget "ARKit_iOS" */;
			buildPhases = (
				7D7B3A9A20356B3B00DD2D35 /* Sources */,
				7D7B3A9B20356B3B00DD2D35 /* Frameworks */,
				7D7B3A9C20356B3B00DD2D35 /* Resources */,
			);
			buildRules = (
			);
			dependencies = (
			);
			name = ARKit_iOS;
			productName = ARKit_iOS;
			productReference = 7D7B3A9E20356B3B00DD2D35 /* ARKit_iOS.app */;
			productType = "com.apple.product-type.application";
		};
/* End PBXNativeTarget section */

/* Begin PBXProject section */
		7D7B3A9620356B3B00DD2D35 /* Project object */ = {
			isa = PBXProject;
			attributes = {
				LastSwiftUpdateCheck = 0920;
				LastUpgradeCheck = 0920;
				ORGANIZATIONNAME = "Sohel Dengre";
				TargetAttributes = {
					7D7B3A9D20356B3B00DD2D35 = {
						CreatedOnToolsVersion = 9.2;
						ProvisioningStyle = Automatic;
					};
				};
			};
			buildConfigurationList = 7D7B3A9920356B3B00DD2D35 /* Build configuration list for PBXProject "ARKit_iOS" */;
			compatibilityVersion = "Xcode 8.0";
			developmentRegion = en;
			hasScannedForEncodings = 0;
			knownRegions = (
				en,
				Base,
			);
			mainGroup = 7D7B3A9520356B3B00DD2D35;
			productRefGroup = 7D7B3A9F20356B3B00DD2D35 /* Products */;
			projectDirPath = "";
			projectRoot = "";
			targets = (
				7D7B3A9D20356B3B00DD2D35 /* ARKit_iOS */,
			);
		};
/* End PBXProject section */

/* Begin PBXResourcesBuildPhase section */
		7D7B3A9C20356B3B00DD2D35 /* Resources */ = {
			isa = PBXResourcesBuildPhase;
			buildActionMask = 2147483647;
			files = (
				7D7B3AA420356B3B00DD2D35 /* art.scnassets in Resources */,
				7D7B3AAE20356B3B00DD2D35 /* LaunchScreen.storyboard in Resources */,
				7D7B3AAB20356B3B00DD2D35 /* Assets.xcassets in Resources */,
				7D7B3AA920356B3B00DD2D35 /* Main.storyboard in Resources */,
			);
			runOnlyForDeploymentPostprocessing = 0;
		};
/* End PBXResourcesBuildPhase section */

/* Begin PBXSourcesBuildPhase section */
		7D7B3A9A20356B3B00DD2D35 /* Sources */ = {
			isa = PBXSourcesBuildPhase;
			buildActionMask = 2147483647;
			files = (
				7D7B3AA620356B3B00DD2D35 /* RampPlacerVC.swift in Sources */,
				7D895982207CB33700027B0F /* Ramp.swift in Sources */,
				7D7B3AB7203593FF00DD2D35 /* RampPickerVC.swift in Sources */,
				7D7B3AA220356B3B00DD2D35 /* AppDelegate.swift in Sources */,
			);
			runOnlyForDeploymentPostprocessing = 0;
		};
/* End PBXSourcesBuildPhase section */

/* Begin PBXVariantGroup section */
		7D7B3AA720356B3B00DD2D35 /* Main.storyboard */ = {
			isa = PBXVariantGroup;
			children = (
				7D7B3AA820356B3B00DD2D35 /* Base */,
			);
			name = Main.storyboard;
			sourceTree = "<group>";
		};
		7D7B3AAC20356B3B00DD2D35 /* LaunchScreen.storyboard */ = {
			isa = PBXVariantGroup;
			children = (
				7D7B3AAD20356B3B00DD2D35 /* Base */,
			);
			name = LaunchScreen.storyboard;
			sourceTree = "<group>";
		};
/* End PBXVariantGroup section */

/* Begin XCBuildConfiguration section */
		7D7B3AB020356B3B00DD2D35 /* Debug */ = {
			isa = XCBuildConfiguration;
			buildSettings = {
				ALWAYS_SEARCH_USER_PATHS = NO;
				CLANG_ANALYZER_NONNULL = YES;
				CLANG_ANALYZER_NUMBER_OBJECT_CONVERSION = YES_AGGRESSIVE;
				CLANG_CXX_LANGUAGE_STANDARD = "gnu++14";
				CLANG_CXX_LIBRARY = "libc++";
				CLANG_ENABLE_MODULES = YES;
				CLANG_ENABLE_OBJC_ARC = YES;
				CLANG_WARN_BLOCK_CAPTURE_AUTORELEASING = YES;
				CLANG_WARN_BOOL_CONVERSION = YES;
				CLANG_WARN_COMMA = YES;
				CLANG_WARN_CONSTANT_CONVERSION = YES;
				CLANG_WARN_DIRECT_OBJC_ISA_USAGE = YES_ERROR;
				CLANG_WARN_DOCUMENTATION_COMMENTS = YES;
				CLANG_WARN_EMPTY_BODY = YES;
				CLANG_WARN_ENUM_CONVERSION = YES;
				CLANG_WARN_INFINITE_RECURSION = YES;
				CLANG_WARN_INT_CONVERSION = YES;
				CLANG_WARN_NON_LITERAL_NULL_CONVERSION = YES;
				CLANG_WARN_OBJC_LITERAL_CONVERSION = YES;
				CLANG_WARN_OBJC_ROOT_CLASS = YES_ERROR;
				CLANG_WARN_RANGE_LOOP_ANALYSIS = YES;
				CLANG_WARN_STRICT_PROTOTYPES = YES;
				CLANG_WARN_SUSPICIOUS_MOVE = YES;
				CLANG_WARN_UNGUARDED_AVAILABILITY = YES_AGGRESSIVE;
				CLANG_WARN_UNREACHABLE_CODE = YES;
				CLANG_WARN__DUPLICATE_METHOD_MATCH = YES;
				CODE_SIGN_IDENTITY = "iPhone Developer";
				COPY_PHASE_STRIP = NO;
				DEBUG_INFORMATION_FORMAT = dwarf;
				ENABLE_STRICT_OBJC_MSGSEND = YES;
				ENABLE_TESTABILITY = YES;
				GCC_C_LANGUAGE_STANDARD = gnu11;
				GCC_DYNAMIC_NO_PIC = NO;
				GCC_NO_COMMON_BLOCKS = YES;
				GCC_OPTIMIZATION_LEVEL = 0;
				GCC_PREPROCESSOR_DEFINITIONS = (
					"DEBUG=1",
					"$(inherited)",
				);
				GCC_WARN_64_TO_32_BIT_CONVERSION = YES;
				GCC_WARN_ABOUT_RETURN_TYPE = YES_ERROR;
				GCC_WARN_UNDECLARED_SELECTOR = YES;
				GCC_WARN_UNINITIALIZED_AUTOS = YES_AGGRESSIVE;
				GCC_WARN_UNUSED_FUNCTION = YES;
				GCC_WARN_UNUSED_VARIABLE = YES;
				IPHONEOS_DEPLOYMENT_TARGET = 11.2;
				MTL_ENABLE_DEBUG_INFO = YES;
				ONLY_ACTIVE_ARCH = YES;
				SDKROOT = iphoneos;
				SWIFT_ACTIVE_COMPILATION_CONDITIONS = DEBUG;
				SWIFT_OPTIMIZATION_LEVEL = "-Onone";
			};
			name = Debug;
		};
		7D7B3AB120356B3B00DD2D35 /* Release */ = {
			isa = XCBuildConfiguration;
			buildSettings = {
				ALWAYS_SEARCH_USER_PATHS = NO;
				CLANG_ANALYZER_NONNULL = YES;
				CLANG_ANALYZER_NUMBER_OBJECT_CONVERSION = YES_AGGRESSIVE;
				CLANG_CXX_LANGUAGE_STANDARD = "gnu++14";
				CLANG_CXX_LIBRARY = "libc++";
				CLANG_ENABLE_MODULES = YES;
				CLANG_ENABLE_OBJC_ARC = YES;
				CLANG_WARN_BLOCK_CAPTURE_AUTORELEASING = YES;
				CLANG_WARN_BOOL_CONVERSION = YES;
				CLANG_WARN_COMMA = YES;
				CLANG_WARN_CONSTANT_CONVERSION = YES;
				CLANG_WARN_DIRECT_OBJC_ISA_USAGE = YES_ERROR;
				CLANG_WARN_DOCUMENTATION_COMMENTS = YES;
				CLANG_WARN_EMPTY_BODY = YES;
				CLANG_WARN_ENUM_CONVERSION = YES;
				CLANG_WARN_INFINITE_RECURSION = YES;
				CLANG_WARN_INT_CONVERSION = YES;
				CLANG_WARN_NON_LITERAL_NULL_CONVERSION = YES;
				CLANG_WARN_OBJC_LITERAL_CONVERSION = YES;
				CLANG_WARN_OBJC_ROOT_CLASS = YES_ERROR;
				CLANG_WARN_RANGE_LOOP_ANALYSIS = YES;
				CLANG_WARN_STRICT_PROTOTYPES = YES;
				CLANG_WARN_SUSPICIOUS_MOVE = YES;
				CLANG_WARN_UNGUARDED_AVAILABILITY = YES_AGGRESSIVE;
				CLANG_WARN_UNREACHABLE_CODE = YES;
				CLANG_WARN__DUPLICATE_METHOD_MATCH = YES;
				CODE_SIGN_IDENTITY = "iPhone Developer";
				COPY_PHASE_STRIP = NO;
				DEBUG_INFORMATION_FORMAT = "dwarf-with-dsym";
				ENABLE_NS_ASSERTIONS = NO;
				ENABLE_STRICT_OBJC_MSGSEND = YES;
				GCC_C_LANGUAGE_STANDARD = gnu11;
				GCC_NO_COMMON_BLOCKS = YES;
				GCC_WARN_64_TO_32_BIT_CONVERSION = YES;
				GCC_WARN_ABOUT_RETURN_TYPE = YES_ERROR;
				GCC_WARN_UNDECLARED_SELECTOR = YES;
				GCC_WARN_UNINITIALIZED_AUTOS = YES_AGGRESSIVE;
				GCC_WARN_UNUSED_FUNCTION = YES;
				GCC_WARN_UNUSED_VARIABLE = YES;
				IPHONEOS_DEPLOYMENT_TARGET = 11.2;
				MTL_ENABLE_DEBUG_INFO = NO;
				SDKROOT = iphoneos;
				SWIFT_OPTIMIZATION_LEVEL = "-Owholemodule";
				VALIDATE_PRODUCT = YES;
			};
			name = Release;
		};
		7D7B3AB320356B3B00DD2D35 /* Debug */ = {
			isa = XCBuildConfiguration;
			buildSettings = {
				ASSETCATALOG_COMPILER_APPICON_NAME = AppIcon;
				CODE_SIGN_STYLE = Automatic;
				DEVELOPMENT_TEAM = QZQ8W9VH7K;
				INFOPLIST_FILE = ARKit_iOS/Info.plist;
				LD_RUNPATH_SEARCH_PATHS = "$(inherited) @executable_path/Frameworks";
				PRODUCT_BUNDLE_IDENTIFIER = "Nick.ARKit-iOS";
				PRODUCT_NAME = "$(TARGET_NAME)";
				SWIFT_VERSION = 4.0;
				TARGETED_DEVICE_FAMILY = "1,2";
			};
			name = Debug;
		};
		7D7B3AB420356B3B00DD2D35 /* Release */ = {
			isa = XCBuildConfiguration;
			buildSettings = {
				ASSETCATALOG_COMPILER_APPICON_NAME = AppIcon;
				CODE_SIGN_STYLE = Automatic;
				DEVELOPMENT_TEAM = QZQ8W9VH7K;
				INFOPLIST_FILE = ARKit_iOS/Info.plist;
				LD_RUNPATH_SEARCH_PATHS = "$(inherited) @executable_path/Frameworks";
				PRODUCT_BUNDLE_IDENTIFIER = "Nick.ARKit-iOS";
				PRODUCT_NAME = "$(TARGET_NAME)";
				SWIFT_VERSION = 4.0;
				TARGETED_DEVICE_FAMILY = "1,2";
			};
			name = Release;
		};
/* End XCBuildConfiguration section */

/* Begin XCConfigurationList section */
		7D7B3A9920356B3B00DD2D35 /* Build configuration list for PBXProject "ARKit_iOS" */ = {
			isa = XCConfigurationList;
			buildConfigurations = (
				7D7B3AB020356B3B00DD2D35 /* Debug */,
				7D7B3AB120356B3B00DD2D35 /* Release */,
			);
			defaultConfigurationIsVisible = 0;
			defaultConfigurationName = Release;
		};
		7D7B3AB220356B3B00DD2D35 /* Build configuration list for PBXNativeTarget "ARKit_iOS" */ = {
			isa = XCConfigurationList;
			buildConfigurations = (
				7D7B3AB320356B3B00DD2D35 /* Debug */,
				7D7B3AB420356B3B00DD2D35 /* Release */,
			);
			defaultConfigurationIsVisible = 0;
			defaultConfigurationName = Release;
		};
/* End XCConfigurationList section */
	};
	rootObject = 7D7B3A9620356B3B00DD2D35 /* Project object */;
}
